// !$*UTF8*$!
{
	archiveVersion = 1;
	classes = {
	};
	objectVersion = 46;
	objects = {

/* Begin PBXBuildFile section */
		242ACF05A88E3136552D545C /* Pods_C4QWeather.framework in Frameworks */ = {isa = PBXBuildFile; fileRef = 2B2C8D2DDBE5179ABB58E794 /* Pods_C4QWeather.framework */; };
		BF4ED8991ED3B58200A0C00C /* AppDelegate.swift in Sources */ = {isa = PBXBuildFile; fileRef = BF4ED8981ED3B58200A0C00C /* AppDelegate.swift */; };
		BF4ED89E1ED3B58200A0C00C /* Main.storyboard in Resources */ = {isa = PBXBuildFile; fileRef = BF4ED89C1ED3B58200A0C00C /* Main.storyboard */; };
		BF4ED8A01ED3B58200A0C00C /* Assets.xcassets in Resources */ = {isa = PBXBuildFile; fileRef = BF4ED89F1ED3B58200A0C00C /* Assets.xcassets */; };
		BF4ED8A31ED3B58200A0C00C /* LaunchScreen.storyboard in Resources */ = {isa = PBXBuildFile; fileRef = BF4ED8A11ED3B58200A0C00C /* LaunchScreen.storyboard */; };
		BF4ED8AF1ED3B6DD00A0C00C /* Secrets.swift in Sources */ = {isa = PBXBuildFile; fileRef = BF4ED8AE1ED3B6DD00A0C00C /* Secrets.swift */; };
		BFAD8DF31ED3BD4F00E5373B /* Day.swift in Sources */ = {isa = PBXBuildFile; fileRef = BFAD8DF21ED3BD4F00E5373B /* Day.swift */; };
		BFAD8DF91ED3CFF100E5373B /* APIClientAries.swift in Sources */ = {isa = PBXBuildFile; fileRef = BFAD8DF81ED3CFF100E5373B /* APIClientAries.swift */; };
		BFAD8DFB1ED3D15700E5373B /* AriesAPIParser.swift in Sources */ = {isa = PBXBuildFile; fileRef = BFAD8DFA1ED3D15700E5373B /* AriesAPIParser.swift */; };
		BFAD8DFD1ED3D84E00E5373B /* ForecastTableViewController.swift in Sources */ = {isa = PBXBuildFile; fileRef = BFAD8DFC1ED3D84E00E5373B /* ForecastTableViewController.swift */; };
		BFAD8DFF1ED3D92500E5373B /* ForecastTableViewCell.swift in Sources */ = {isa = PBXBuildFile; fileRef = BFAD8DFE1ED3D92500E5373B /* ForecastTableViewCell.swift */; };
		BFAD8E011ED3FA4E00E5373B /* NavBarView.swift in Sources */ = {isa = PBXBuildFile; fileRef = BFAD8E001ED3FA4E00E5373B /* NavBarView.swift */; };
		BFAD8E031ED4178B00E5373B /* Extentions.swift in Sources */ = {isa = PBXBuildFile; fileRef = BFAD8E021ED4178B00E5373B /* Extentions.swift */; };
/* End PBXBuildFile section */

/* Begin PBXFileReference section */
		1F38452AD43B529350F58557 /* Pods-C4QWeather.debug.xcconfig */ = {isa = PBXFileReference; includeInIndex = 1; lastKnownFileType = text.xcconfig; name = "Pods-C4QWeather.debug.xcconfig"; path = "Pods/Target Support Files/Pods-C4QWeather/Pods-C4QWeather.debug.xcconfig"; sourceTree = "<group>"; };
		2B2C8D2DDBE5179ABB58E794 /* Pods_C4QWeather.framework */ = {isa = PBXFileReference; explicitFileType = wrapper.framework; includeInIndex = 0; path = Pods_C4QWeather.framework; sourceTree = BUILT_PRODUCTS_DIR; };
		B7ABF39D0F9C1187ADCF2F21 /* Pods-C4QWeather.release.xcconfig */ = {isa = PBXFileReference; includeInIndex = 1; lastKnownFileType = text.xcconfig; name = "Pods-C4QWeather.release.xcconfig"; path = "Pods/Target Support Files/Pods-C4QWeather/Pods-C4QWeather.release.xcconfig"; sourceTree = "<group>"; };
		BF4ED8951ED3B58200A0C00C /* C4QWeather.app */ = {isa = PBXFileReference; explicitFileType = wrapper.application; includeInIndex = 0; path = C4QWeather.app; sourceTree = BUILT_PRODUCTS_DIR; };
		BF4ED8981ED3B58200A0C00C /* AppDelegate.swift */ = {isa = PBXFileReference; lastKnownFileType = sourcecode.swift; path = AppDelegate.swift; sourceTree = "<group>"; };
		BF4ED89D1ED3B58200A0C00C /* Base */ = {isa = PBXFileReference; lastKnownFileType = file.storyboard; name = Base; path = Base.lproj/Main.storyboard; sourceTree = "<group>"; };
		BF4ED89F1ED3B58200A0C00C /* Assets.xcassets */ = {isa = PBXFileReference; lastKnownFileType = folder.assetcatalog; path = Assets.xcassets; sourceTree = "<group>"; };
		BF4ED8A21ED3B58200A0C00C /* Base */ = {isa = PBXFileReference; lastKnownFileType = file.storyboard; name = Base; path = Base.lproj/LaunchScreen.storyboard; sourceTree = "<group>"; };
		BF4ED8A41ED3B58200A0C00C /* Info.plist */ = {isa = PBXFileReference; lastKnownFileType = text.plist.xml; path = Info.plist; sourceTree = "<group>"; };
		BF4ED8AE1ED3B6DD00A0C00C /* Secrets.swift */ = {isa = PBXFileReference; fileEncoding = 4; lastKnownFileType = sourcecode.swift; path = Secrets.swift; sourceTree = "<group>"; };
		BFAD8DF21ED3BD4F00E5373B /* Day.swift */ = {isa = PBXFileReference; fileEncoding = 4; lastKnownFileType = sourcecode.swift; path = Day.swift; sourceTree = "<group>"; };
		BFAD8DF81ED3CFF100E5373B /* APIClientAries.swift */ = {isa = PBXFileReference; fileEncoding = 4; lastKnownFileType = sourcecode.swift; path = APIClientAries.swift; sourceTree = "<group>"; };
		BFAD8DFA1ED3D15700E5373B /* AriesAPIParser.swift */ = {isa = PBXFileReference; fileEncoding = 4; lastKnownFileType = sourcecode.swift; path = AriesAPIParser.swift; sourceTree = "<group>"; };
		BFAD8DFC1ED3D84E00E5373B /* ForecastTableViewController.swift */ = {isa = PBXFileReference; fileEncoding = 4; lastKnownFileType = sourcecode.swift; path = ForecastTableViewController.swift; sourceTree = "<group>"; };
		BFAD8DFE1ED3D92500E5373B /* ForecastTableViewCell.swift */ = {isa = PBXFileReference; fileEncoding = 4; lastKnownFileType = sourcecode.swift; path = ForecastTableViewCell.swift; sourceTree = "<group>"; };
		BFAD8E001ED3FA4E00E5373B /* NavBarView.swift */ = {isa = PBXFileReference; fileEncoding = 4; lastKnownFileType = sourcecode.swift; path = NavBarView.swift; sourceTree = "<group>"; };
		BFAD8E021ED4178B00E5373B /* Extentions.swift */ = {isa = PBXFileReference; fileEncoding = 4; lastKnownFileType = sourcecode.swift; path = Extentions.swift; sourceTree = "<group>"; };
/* End PBXFileReference section */

/* Begin PBXFrameworksBuildPhase section */
		BF4ED8921ED3B58200A0C00C /* Frameworks */ = {
			isa = PBXFrameworksBuildPhase;
			buildActionMask = 2147483647;
			files = (
				242ACF05A88E3136552D545C /* Pods_C4QWeather.framework in Frameworks */,
			);
			runOnlyForDeploymentPostprocessing = 0;
		};
/* End PBXFrameworksBuildPhase section */

/* Begin PBXGroup section */
		0E6B1134258763FC920DA231 /* Frameworks */ = {
			isa = PBXGroup;
			children = (
				2B2C8D2DDBE5179ABB58E794 /* Pods_C4QWeather.framework */,
			);
			name = Frameworks;
			sourceTree = "<group>";
		};
		83C9A2088D214DDEF59FD9F8 /* Pods */ = {
			isa = PBXGroup;
			children = (
				1F38452AD43B529350F58557 /* Pods-C4QWeather.debug.xcconfig */,
				B7ABF39D0F9C1187ADCF2F21 /* Pods-C4QWeather.release.xcconfig */,
			);
			name = Pods;
			sourceTree = "<group>";
		};
		BF4ED88C1ED3B58200A0C00C = {
			isa = PBXGroup;
			children = (
				BF4ED8971ED3B58200A0C00C /* C4QWeather */,
				BF4ED8961ED3B58200A0C00C /* Products */,
				83C9A2088D214DDEF59FD9F8 /* Pods */,
				0E6B1134258763FC920DA231 /* Frameworks */,
			);
			sourceTree = "<group>";
		};
		BF4ED8961ED3B58200A0C00C /* Products */ = {
			isa = PBXGroup;
			children = (
				BF4ED8951ED3B58200A0C00C /* C4QWeather.app */,
			);
			name = Products;
			sourceTree = "<group>";
		};
		BF4ED8971ED3B58200A0C00C /* C4QWeather */ = {
			isa = PBXGroup;
			children = (
				BF4ED8981ED3B58200A0C00C /* AppDelegate.swift */,
				BFAD8E041ED4183200E5373B /* UI */,
				BFAD8E051ED4184200E5373B /* Helpers */,
				BFAD8E061ED4185E00E5373B /* Models */,
				BF4ED8AE1ED3B6DD00A0C00C /* Secrets.swift */,
				BF4ED89C1ED3B58200A0C00C /* Main.storyboard */,
				BF4ED89F1ED3B58200A0C00C /* Assets.xcassets */,
				BF4ED8A11ED3B58200A0C00C /* LaunchScreen.storyboard */,
				BF4ED8A41ED3B58200A0C00C /* Info.plist */,
			);
			path = C4QWeather;
			sourceTree = "<group>";
		};
		BFAD8E041ED4183200E5373B /* UI */ = {
			isa = PBXGroup;
			children = (
				BFAD8E001ED3FA4E00E5373B /* NavBarView.swift */,
				BFAD8DFC1ED3D84E00E5373B /* ForecastTableViewController.swift */,
				BFAD8DFE1ED3D92500E5373B /* ForecastTableViewCell.swift */,
			);
			name = UI;
			sourceTree = "<group>";
		};
		BFAD8E051ED4184200E5373B /* Helpers */ = {
			isa = PBXGroup;
			children = (
				BFAD8DFA1ED3D15700E5373B /* AriesAPIParser.swift */,
				BFAD8E021ED4178B00E5373B /* Extentions.swift */,
				BFAD8DF81ED3CFF100E5373B /* APIClientAries.swift */,
			);
			name = Helpers;
			sourceTree = "<group>";
		};
		BFAD8E061ED4185E00E5373B /* Models */ = {
			isa = PBXGroup;
			children = (
				BFAD8DF21ED3BD4F00E5373B /* Day.swift */,
			);
			name = Models;
			sourceTree = "<group>";
		};
/* End PBXGroup section */

/* Begin PBXNativeTarget section */
		BF4ED8941ED3B58200A0C00C /* C4QWeather */ = {
			isa = PBXNativeTarget;
			buildConfigurationList = BF4ED8A71ED3B58200A0C00C /* Build configuration list for PBXNativeTarget "C4QWeather" */;
			buildPhases = (
				1D22D41B015893B2ACE418A2 /* [CP] Check Pods Manifest.lock */,
				BF4ED8911ED3B58200A0C00C /* Sources */,
				BF4ED8921ED3B58200A0C00C /* Frameworks */,
				BF4ED8931ED3B58200A0C00C /* Resources */,
				5199421F240902D3EC5C1B8C /* [CP] Embed Pods Frameworks */,
				A500D6A01F50BA78250195F4 /* [CP] Copy Pods Resources */,
			);
			buildRules = (
			);
			dependencies = (
			);
			name = C4QWeather;
			productName = C4QWeather;
			productReference = BF4ED8951ED3B58200A0C00C /* C4QWeather.app */;
			productType = "com.apple.product-type.application";
		};
/* End PBXNativeTarget section */

/* Begin PBXProject section */
		BF4ED88D1ED3B58200A0C00C /* Project object */ = {
			isa = PBXProject;
			attributes = {
				LastSwiftUpdateCheck = 0830;
				LastUpgradeCheck = 0830;
				ORGANIZATIONNAME = "Zain Nadeem";
				TargetAttributes = {
					BF4ED8941ED3B58200A0C00C = {
						CreatedOnToolsVersion = 8.3.1;
						DevelopmentTeam = VC999G43T3;
						ProvisioningStyle = Automatic;
					};
				};
			};
			buildConfigurationList = BF4ED8901ED3B58200A0C00C /* Build configuration list for PBXProject "C4QWeather" */;
			compatibilityVersion = "Xcode 3.2";
			developmentRegion = English;
			hasScannedForEncodings = 0;
			knownRegions = (
				en,
				Base,
			);
			mainGroup = BF4ED88C1ED3B58200A0C00C;
			productRefGroup = BF4ED8961ED3B58200A0C00C /* Products */;
			projectDirPath = "";
			projectRoot = "";
			targets = (
				BF4ED8941ED3B58200A0C00C /* C4QWeather */,
			);
		};
/* End PBXProject section */

/* Begin PBXResourcesBuildPhase section */
		BF4ED8931ED3B58200A0C00C /* Resources */ = {
			isa = PBXResourcesBuildPhase;
			buildActionMask = 2147483647;
			files = (
				BF4ED8A31ED3B58200A0C00C /* LaunchScreen.storyboard in Resources */,
				BF4ED8A01ED3B58200A0C00C /* Assets.xcassets in Resources */,
				BF4ED89E1ED3B58200A0C00C /* Main.storyboard in Resources */,
			);
			runOnlyForDeploymentPostprocessing = 0;
		};
/* End PBXResourcesBuildPhase section */

/* Begin PBXShellScriptBuildPhase section */
		1D22D41B015893B2ACE418A2 /* [CP] Check Pods Manifest.lock */ = {
			isa = PBXShellScriptBuildPhase;
			buildActionMask = 2147483647;
			files = (
			);
			inputPaths = (
			);
			name = "[CP] Check Pods Manifest.lock";
			outputPaths = (
			);
			runOnlyForDeploymentPostprocessing = 0;
			shellPath = /bin/sh;
			shellScript = "diff \"${PODS_ROOT}/../Podfile.lock\" \"${PODS_ROOT}/Manifest.lock\" > /dev/null\nif [ $? != 0 ] ; then\n    # print error to STDERR\n    echo \"error: The sandbox is not in sync with the Podfile.lock. Run 'pod install' or update your CocoaPods installation.\" >&2\n    exit 1\nfi\n";
			showEnvVarsInLog = 0;
		};
		5199421F240902D3EC5C1B8C /* [CP] Embed Pods Frameworks */ = {
			isa = PBXShellScriptBuildPhase;
			buildActionMask = 2147483647;
			files = (
			);
			inputPaths = (
			);
			name = "[CP] Embed Pods Frameworks";
			outputPaths = (
			);
			runOnlyForDeploymentPostprocessing = 0;
			shellPath = /bin/sh;
			shellScript = "\"${SRCROOT}/Pods/Target Support Files/Pods-C4QWeather/Pods-C4QWeather-frameworks.sh\"\n";
			showEnvVarsInLog = 0;
		};
		A500D6A01F50BA78250195F4 /* [CP] Copy Pods Resources */ = {
			isa = PBXShellScriptBuildPhase;
			buildActionMask = 2147483647;
			files = (
			);
			inputPaths = (
			);
			name = "[CP] Copy Pods Resources";
			outputPaths = (
			);
			runOnlyForDeploymentPostprocessing = 0;
			shellPath = /bin/sh;
			shellScript = "\"${SRCROOT}/Pods/Target Support Files/Pods-C4QWeather/Pods-C4QWeather-resources.sh\"\n";
			showEnvVarsInLog = 0;
		};
/* End PBXShellScriptBuildPhase section */

/* Begin PBXSourcesBuildPhase section */
		BF4ED8911ED3B58200A0C00C /* Sources */ = {
			isa = PBXSourcesBuildPhase;
			buildActionMask = 2147483647;
			files = (
				BFAD8E011ED3FA4E00E5373B /* NavBarView.swift in Sources */,
				BFAD8DF91ED3CFF100E5373B /* APIClientAries.swift in Sources */,
				BFAD8DFD1ED3D84E00E5373B /* ForecastTableViewController.swift in Sources */,
				BFAD8DFB1ED3D15700E5373B /* AriesAPIParser.swift in Sources */,
				BF4ED8AF1ED3B6DD00A0C00C /* Secrets.swift in Sources */,
				BFAD8DFF1ED3D92500E5373B /* ForecastTableViewCell.swift in Sources */,
				BFAD8DF31ED3BD4F00E5373B /* Day.swift in Sources */,
				BF4ED8991ED3B58200A0C00C /* AppDelegate.swift in Sources */,
				BFAD8E031ED4178B00E5373B /* Extentions.swift in Sources */,
			);
			runOnlyForDeploymentPostprocessing = 0;
		};
/* End PBXSourcesBuildPhase section */

/* Begin PBXVariantGroup section */
		BF4ED89C1ED3B58200A0C00C /* Main.storyboard */ = {
			isa = PBXVariantGroup;
			children = (
				BF4ED89D1ED3B58200A0C00C /* Base */,
			);
			name = Main.storyboard;
			sourceTree = "<group>";
		};
		BF4ED8A11ED3B58200A0C00C /* LaunchScreen.storyboard */ = {
			isa = PBXVariantGroup;
			children = (
				BF4ED8A21ED3B58200A0C00C /* Base */,
			);
			name = LaunchScreen.storyboard;
			sourceTree = "<group>";
		};
/* End PBXVariantGroup section */

/* Begin XCBuildConfiguration section */
		BF4ED8A51ED3B58200A0C00C /* Debug */ = {
			isa = XCBuildConfiguration;
			buildSettings = {
				ALWAYS_SEARCH_USER_PATHS = NO;
				CLANG_ANALYZER_NONNULL = YES;
				CLANG_ANALYZER_NUMBER_OBJECT_CONVERSION = YES_AGGRESSIVE;
				CLANG_CXX_LANGUAGE_STANDARD = "gnu++0x";
				CLANG_CXX_LIBRARY = "libc++";
				CLANG_ENABLE_MODULES = YES;
				CLANG_ENABLE_OBJC_ARC = YES;
				CLANG_WARN_BOOL_CONVERSION = YES;
				CLANG_WARN_CONSTANT_CONVERSION = YES;
				CLANG_WARN_DIRECT_OBJC_ISA_USAGE = YES_ERROR;
				CLANG_WARN_DOCUMENTATION_COMMENTS = YES;
				CLANG_WARN_EMPTY_BODY = YES;
				CLANG_WARN_ENUM_CONVERSION = YES;
				CLANG_WARN_INFINITE_RECURSION = YES;
				CLANG_WARN_INT_CONVERSION = YES;
				CLANG_WARN_OBJC_ROOT_CLASS = YES_ERROR;
				CLANG_WARN_SUSPICIOUS_MOVE = YES;
				CLANG_WARN_UNREACHABLE_CODE = YES;
				CLANG_WARN__DUPLICATE_METHOD_MATCH = YES;
				"CODE_SIGN_IDENTITY[sdk=iphoneos*]" = "iPhone Developer";
				COPY_PHASE_STRIP = NO;
				DEBUG_INFORMATION_FORMAT = dwarf;
				ENABLE_STRICT_OBJC_MSGSEND = YES;
				ENABLE_TESTABILITY = YES;
				GCC_C_LANGUAGE_STANDARD = gnu99;
				GCC_DYNAMIC_NO_PIC = NO;
				GCC_NO_COMMON_BLOCKS = YES;
				GCC_OPTIMIZATION_LEVEL = 0;
				GCC_PREPROCESSOR_DEFINITIONS = (
					"DEBUG=1",
					"$(inherited)",
				);
				GCC_WARN_64_TO_32_BIT_CONVERSION = YES;
				GCC_WARN_ABOUT_RETURN_TYPE = YES_ERROR;
				GCC_WARN_UNDECLARED_SELECTOR = YES;
				GCC_WARN_UNINITIALIZED_AUTOS = YES_AGGRESSIVE;
				GCC_WARN_UNUSED_FUNCTION = YES;
				GCC_WARN_UNUSED_VARIABLE = YES;
				IPHONEOS_DEPLOYMENT_TARGET = 10.3;
				MTL_ENABLE_DEBUG_INFO = YES;
				ONLY_ACTIVE_ARCH = YES;
				SDKROOT = iphoneos;
				SWIFT_ACTIVE_COMPILATION_CONDITIONS = DEBUG;
				SWIFT_OPTIMIZATION_LEVEL = "-Onone";
			};
			name = Debug;
		};
		BF4ED8A61ED3B58200A0C00C /* Release */ = {
			isa = XCBuildConfiguration;
			buildSettings = {
				ALWAYS_SEARCH_USER_PATHS = NO;
				CLANG_ANALYZER_NONNULL = YES;
				CLANG_ANALYZER_NUMBER_OBJECT_CONVERSION = YES_AGGRESSIVE;
				CLANG_CXX_LANGUAGE_STANDARD = "gnu++0x";
				CLANG_CXX_LIBRARY = "libc++";
				CLANG_ENABLE_MODULES = YES;
				CLANG_ENABLE_OBJC_ARC = YES;
				CLANG_WARN_BOOL_CONVERSION = YES;
				CLANG_WARN_CONSTANT_CONVERSION = YES;
				CLANG_WARN_DIRECT_OBJC_ISA_USAGE = YES_ERROR;
				CLANG_WARN_DOCUMENTATION_COMMENTS = YES;
				CLANG_WARN_EMPTY_BODY = YES;
				CLANG_WARN_ENUM_CONVERSION = YES;
				CLANG_WARN_INFINITE_RECURSION = YES;
				CLANG_WARN_INT_CONVERSION = YES;
				CLANG_WARN_OBJC_ROOT_CLASS = YES_ERROR;
				CLANG_WARN_SUSPICIOUS_MOVE = YES;
				CLANG_WARN_UNREACHABLE_CODE = YES;
				CLANG_WARN__DUPLICATE_METHOD_MATCH = YES;
				"CODE_SIGN_IDENTITY[sdk=iphoneos*]" = "iPhone Developer";
				COPY_PHASE_STRIP = NO;
				DEBUG_INFORMATION_FORMAT = "dwarf-with-dsym";
				ENABLE_NS_ASSERTIONS = NO;
				ENABLE_STRICT_OBJC_MSGSEND = YES;
				GCC_C_LANGUAGE_STANDARD = gnu99;
				GCC_NO_COMMON_BLOCKS = YES;
				GCC_WARN_64_TO_32_BIT_CONVERSION = YES;
				GCC_WARN_ABOUT_RETURN_TYPE = YES_ERROR;
				GCC_WARN_UNDECLARED_SELECTOR = YES;
				GCC_WARN_UNINITIALIZED_AUTOS = YES_AGGRESSIVE;
				GCC_WARN_UNUSED_FUNCTION = YES;
				GCC_WARN_UNUSED_VARIABLE = YES;
				IPHONEOS_DEPLOYMENT_TARGET = 10.3;
				MTL_ENABLE_DEBUG_INFO = NO;
				SDKROOT = iphoneos;
				SWIFT_OPTIMIZATION_LEVEL = "-Owholemodule";
				VALIDATE_PRODUCT = YES;
			};
			name = Release;
		};
		BF4ED8A81ED3B58200A0C00C /* Debug */ = {
			isa = XCBuildConfiguration;
			baseConfigurationReference = 1F38452AD43B529350F58557 /* Pods-C4QWeather.debug.xcconfig */;
			buildSettings = {
				ASSETCATALOG_COMPILER_APPICON_NAME = AppIcon;
				DEVELOPMENT_TEAM = VC999G43T3;
				INFOPLIST_FILE = C4QWeather/Info.plist;
				LD_RUNPATH_SEARCH_PATHS = "$(inherited) @executable_path/Frameworks";
				PRODUCT_BUNDLE_IDENTIFIER = Zain.Developer.C4QWeather;
				PRODUCT_NAME = "$(TARGET_NAME)";
				SWIFT_VERSION = 3.0;
			};
			name = Debug;
		};
		BF4ED8A91ED3B58200A0C00C /* Release */ = {
			isa = XCBuildConfiguration;
			baseConfigurationReference = B7ABF39D0F9C1187ADCF2F21 /* Pods-C4QWeather.release.xcconfig */;
			buildSettings = {
				ASSETCATALOG_COMPILER_APPICON_NAME = AppIcon;
				DEVELOPMENT_TEAM = VC999G43T3;
				INFOPLIST_FILE = C4QWeather/Info.plist;
				LD_RUNPATH_SEARCH_PATHS = "$(inherited) @executable_path/Frameworks";
				PRODUCT_BUNDLE_IDENTIFIER = Zain.Developer.C4QWeather;
				PRODUCT_NAME = "$(TARGET_NAME)";
				SWIFT_VERSION = 3.0;
			};
			name = Release;
		};
/* End XCBuildConfiguration section */

/* Begin XCConfigurationList section */
		BF4ED8901ED3B58200A0C00C /* Build configuration list for PBXProject "C4QWeather" */ = {
			isa = XCConfigurationList;
			buildConfigurations = (
				BF4ED8A51ED3B58200A0C00C /* Debug */,
				BF4ED8A61ED3B58200A0C00C /* Release */,
			);
			defaultConfigurationIsVisible = 0;
			defaultConfigurationName = Release;
		};
		BF4ED8A71ED3B58200A0C00C /* Build configuration list for PBXNativeTarget "C4QWeather" */ = {
			isa = XCConfigurationList;
			buildConfigurations = (
				BF4ED8A81ED3B58200A0C00C /* Debug */,
				BF4ED8A91ED3B58200A0C00C /* Release */,
			);
			defaultConfigurationIsVisible = 0;
			defaultConfigurationName = Release;
		};
/* End XCConfigurationList section */
	};
	rootObject = BF4ED88D1ED3B58200A0C00C /* Project object */;
}
